{
  "object": {
    "pins": [
      {
        "package": "SwiftUIWebView",
        "repositoryURL": "https://github.com/globulus/swiftui-webview",
        "state": {
          "branch": null,
          "revision": "b64a1a4111dfd49013c794f0510d03990e9dc6b5",
          "version": "1.0.5"
        }
      }
    ]
  },
  "version": 1
}
