{
  "object": {
    "pins": [
      {
        "package": "SwiftUIWebView",
        "repositoryURL": "https://github.com/globulus/swiftui-webview",
        "state": {
          "branch": null,
          "revision": "62d86f9c63f457603bec3e8bd963fae392da230a",
          "version": "1.0.6"
        }
      }
    ]
  },
  "version": 1
}
